
Microsoft Visual Studio Solution File, Format Version 12.00
# Visual Studio Version 16
VisualStudioVersion = 16.0.32228.343
MinimumVisualStudioVersion = 10.0.40219.1
Project("{FAE04EC0-301F-11D3-BF4B-00C04F79EFBC}") = "1911065878_TranQuangTruong_BigSchool", "1911065878_TranQuangTruong_BigSchool\1911065878_TranQuangTruong_BigSchool.csproj", "{4784E610-557E-454B-9F6A-E7AF5CADF22E}"
EndProject
Global
	GlobalSection(SolutionConfigurationPlatforms) = preSolution
		Debug|Any CPU = Debug|Any CPU
		Release|Any CPU = Release|Any CPU
	EndGlobalSection
	GlobalSection(ProjectConfigurationPlatforms) = postSolution
		{4784E610-557E-454B-9F6A-E7AF5CADF22E}.Debug|Any CPU.ActiveCfg = Debug|Any CPU
		{4784E610-557E-454B-9F6A-E7AF5CADF22E}.Debug|Any CPU.Build.0 = Debug|Any CPU
		{4784E610-557E-454B-9F6A-E7AF5CADF22E}.Release|Any CPU.ActiveCfg = Release|Any CPU
		{4784E610-557E-454B-9F6A-E7AF5CADF22E}.Release|Any CPU.Build.0 = Release|Any CPU
	EndGlobalSection
	GlobalSection(SolutionProperties) = preSolution
		HideSolutionNode = FALSE
	EndGlobalSection
	GlobalSection(ExtensibilityGlobals) = postSolution
		SolutionGuid = {41F69019-8828-4EA1-8017-3B808D24F3AC}
	EndGlobalSection
EndGlobal
